// !$*UTF8*$!
{
	archiveVersion = 1;
	classes = {
	};
	objectVersion = 46;
	objects = {

/* Begin PBXBuildFile section */
		5541CE0216EBE14100B2180F /* sunmantheme.caf in Resources */ = {isa = PBXBuildFile; fileRef = 5541CE0116EBE14100B2180F /* sunmantheme.caf */; };
		5541CE0416EBE59D00B2180F /* AVFoundation.framework in Frameworks */ = {isa = PBXBuildFile; fileRef = 5541CE0316EBE59D00B2180F /* AVFoundation.framework */; };
		55E2C3EE16E4399500777DB0 /* UIKit.framework in Frameworks */ = {isa = PBXBuildFile; fileRef = 55E2C3ED16E4399500777DB0 /* UIKit.framework */; };
		55E2C3F016E4399500777DB0 /* Foundation.framework in Frameworks */ = {isa = PBXBuildFile; fileRef = 55E2C3EF16E4399500777DB0 /* Foundation.framework */; };
		55E2C3F216E4399500777DB0 /* CoreGraphics.framework in Frameworks */ = {isa = PBXBuildFile; fileRef = 55E2C3F116E4399500777DB0 /* CoreGraphics.framework */; };
		55E2C3F816E4399500777DB0 /* InfoPlist.strings in Resources */ = {isa = PBXBuildFile; fileRef = 55E2C3F616E4399500777DB0 /* InfoPlist.strings */; };
		55E2C3FA16E4399500777DB0 /* main.m in Sources */ = {isa = PBXBuildFile; fileRef = 55E2C3F916E4399500777DB0 /* main.m */; };
		55E2C3FE16E4399500777DB0 /* ZENAppDelegate.m in Sources */ = {isa = PBXBuildFile; fileRef = 55E2C3FD16E4399500777DB0 /* ZENAppDelegate.m */; };
		55E2C40016E4399500777DB0 /* Default.png in Resources */ = {isa = PBXBuildFile; fileRef = 55E2C3FF16E4399500777DB0 /* Default.png */; };
		55E2C40216E4399500777DB0 /* Default@2x.png in Resources */ = {isa = PBXBuildFile; fileRef = 55E2C40116E4399500777DB0 /* Default@2x.png */; };
		55E2C40416E4399500777DB0 /* Default-568h@2x.png in Resources */ = {isa = PBXBuildFile; fileRef = 55E2C40316E4399500777DB0 /* Default-568h@2x.png */; };
		55E2C40916E4399500777DB0 /* first.png in Resources */ = {isa = PBXBuildFile; fileRef = 55E2C40816E4399500777DB0 /* first.png */; };
		55E2C40B16E4399500777DB0 /* first@2x.png in Resources */ = {isa = PBXBuildFile; fileRef = 55E2C40A16E4399500777DB0 /* first@2x.png */; };
		55E2C41016E4399500777DB0 /* second.png in Resources */ = {isa = PBXBuildFile; fileRef = 55E2C40F16E4399500777DB0 /* second.png */; };
		55E2C41216E4399500777DB0 /* second@2x.png in Resources */ = {isa = PBXBuildFile; fileRef = 55E2C41116E4399500777DB0 /* second@2x.png */; };
		55E2C42116E43A0E00777DB0 /* ZENSuperEagleDashboard.m in Sources */ = {isa = PBXBuildFile; fileRef = 55E2C41F16E43A0E00777DB0 /* ZENSuperEagleDashboard.m */; };
		55E2C42216E43A0E00777DB0 /* ZENSuperEagleDashboard.xib in Resources */ = {isa = PBXBuildFile; fileRef = 55E2C42016E43A0E00777DB0 /* ZENSuperEagleDashboard.xib */; };
		55E2C42716E457EE00777DB0 /* BLE.m in Sources */ = {isa = PBXBuildFile; fileRef = 55E2C42516E457EE00777DB0 /* BLE.m */; };
		55E2C42916E45E3100777DB0 /* CoreBluetooth.framework in Frameworks */ = {isa = PBXBuildFile; fileRef = 55E2C42816E45E3100777DB0 /* CoreBluetooth.framework */; };
/* End PBXBuildFile section */

/* Begin PBXFileReference section */
		5541CE0116EBE14100B2180F /* sunmantheme.caf */ = {isa = PBXFileReference; lastKnownFileType = file; path = sunmantheme.caf; sourceTree = "<group>"; };
		5541CE0316EBE59D00B2180F /* AVFoundation.framework */ = {isa = PBXFileReference; lastKnownFileType = wrapper.framework; name = AVFoundation.framework; path = System/Library/Frameworks/AVFoundation.framework; sourceTree = SDKROOT; };
		55E2C3EA16E4399500777DB0 /* SuperEagle.app */ = {isa = PBXFileReference; explicitFileType = wrapper.application; includeInIndex = 0; path = SuperEagle.app; sourceTree = BUILT_PRODUCTS_DIR; };
		55E2C3ED16E4399500777DB0 /* UIKit.framework */ = {isa = PBXFileReference; lastKnownFileType = wrapper.framework; name = UIKit.framework; path = System/Library/Frameworks/UIKit.framework; sourceTree = SDKROOT; };
		55E2C3EF16E4399500777DB0 /* Foundation.framework */ = {isa = PBXFileReference; lastKnownFileType = wrapper.framework; name = Foundation.framework; path = System/Library/Frameworks/Foundation.framework; sourceTree = SDKROOT; };
		55E2C3F116E4399500777DB0 /* CoreGraphics.framework */ = {isa = PBXFileReference; lastKnownFileType = wrapper.framework; name = CoreGraphics.framework; path = System/Library/Frameworks/CoreGraphics.framework; sourceTree = SDKROOT; };
		55E2C3F516E4399500777DB0 /* SuperEagle-Info.plist */ = {isa = PBXFileReference; lastKnownFileType = text.plist.xml; path = "SuperEagle-Info.plist"; sourceTree = "<group>"; };
		55E2C3F716E4399500777DB0 /* en */ = {isa = PBXFileReference; lastKnownFileType = text.plist.strings; name = en; path = en.lproj/InfoPlist.strings; sourceTree = "<group>"; };
		55E2C3F916E4399500777DB0 /* main.m */ = {isa = PBXFileReference; lastKnownFileType = sourcecode.c.objc; path = main.m; sourceTree = "<group>"; };
		55E2C3FB16E4399500777DB0 /* SuperEagle-Prefix.pch */ = {isa = PBXFileReference; lastKnownFileType = sourcecode.c.h; path = "SuperEagle-Prefix.pch"; sourceTree = "<group>"; };
		55E2C3FC16E4399500777DB0 /* ZENAppDelegate.h */ = {isa = PBXFileReference; lastKnownFileType = sourcecode.c.h; path = ZENAppDelegate.h; sourceTree = "<group>"; };
		55E2C3FD16E4399500777DB0 /* ZENAppDelegate.m */ = {isa = PBXFileReference; lastKnownFileType = sourcecode.c.objc; path = ZENAppDelegate.m; sourceTree = "<group>"; };
		55E2C3FF16E4399500777DB0 /* Default.png */ = {isa = PBXFileReference; lastKnownFileType = image.png; path = Default.png; sourceTree = "<group>"; };
		55E2C40116E4399500777DB0 /* Default@2x.png */ = {isa = PBXFileReference; lastKnownFileType = image.png; path = "Default@2x.png"; sourceTree = "<group>"; };
		55E2C40316E4399500777DB0 /* Default-568h@2x.png */ = {isa = PBXFileReference; lastKnownFileType = image.png; path = "Default-568h@2x.png"; sourceTree = "<group>"; };
		55E2C40816E4399500777DB0 /* first.png */ = {isa = PBXFileReference; lastKnownFileType = image.png; path = first.png; sourceTree = "<group>"; };
		55E2C40A16E4399500777DB0 /* first@2x.png */ = {isa = PBXFileReference; lastKnownFileType = image.png; path = "first@2x.png"; sourceTree = "<group>"; };
		55E2C40F16E4399500777DB0 /* second.png */ = {isa = PBXFileReference; lastKnownFileType = image.png; path = second.png; sourceTree = "<group>"; };
		55E2C41116E4399500777DB0 /* second@2x.png */ = {isa = PBXFileReference; lastKnownFileType = image.png; path = "second@2x.png"; sourceTree = "<group>"; };
		55E2C41E16E43A0E00777DB0 /* ZENSuperEagleDashboard.h */ = {isa = PBXFileReference; fileEncoding = 4; lastKnownFileType = sourcecode.c.h; path = ZENSuperEagleDashboard.h; sourceTree = "<group>"; };
		55E2C41F16E43A0E00777DB0 /* ZENSuperEagleDashboard.m */ = {isa = PBXFileReference; fileEncoding = 4; lastKnownFileType = sourcecode.c.objc; path = ZENSuperEagleDashboard.m; sourceTree = "<group>"; };
		55E2C42016E43A0E00777DB0 /* ZENSuperEagleDashboard.xib */ = {isa = PBXFileReference; fileEncoding = 4; lastKnownFileType = file.xib; path = ZENSuperEagleDashboard.xib; sourceTree = "<group>"; };
		55E2C42416E457EE00777DB0 /* BLE.h */ = {isa = PBXFileReference; fileEncoding = 4; lastKnownFileType = sourcecode.c.h; path = BLE.h; sourceTree = "<group>"; };
		55E2C42516E457EE00777DB0 /* BLE.m */ = {isa = PBXFileReference; fileEncoding = 4; lastKnownFileType = sourcecode.c.objc; path = BLE.m; sourceTree = "<group>"; };
		55E2C42616E457EE00777DB0 /* BLEDefines.h */ = {isa = PBXFileReference; fileEncoding = 4; lastKnownFileType = sourcecode.c.h; path = BLEDefines.h; sourceTree = "<group>"; };
		55E2C42816E45E3100777DB0 /* CoreBluetooth.framework */ = {isa = PBXFileReference; lastKnownFileType = wrapper.framework; name = CoreBluetooth.framework; path = System/Library/Frameworks/CoreBluetooth.framework; sourceTree = SDKROOT; };
/* End PBXFileReference section */

/* Begin PBXFrameworksBuildPhase section */
		55E2C3E716E4399500777DB0 /* Frameworks */ = {
			isa = PBXFrameworksBuildPhase;
			buildActionMask = 2147483647;
			files = (
				5541CE0416EBE59D00B2180F /* AVFoundation.framework in Frameworks */,
				55E2C42916E45E3100777DB0 /* CoreBluetooth.framework in Frameworks */,
				55E2C3EE16E4399500777DB0 /* UIKit.framework in Frameworks */,
				55E2C3F016E4399500777DB0 /* Foundation.framework in Frameworks */,
				55E2C3F216E4399500777DB0 /* CoreGraphics.framework in Frameworks */,
			);
			runOnlyForDeploymentPostprocessing = 0;
		};
/* End PBXFrameworksBuildPhase section */

/* Begin PBXGroup section */
		55E2C3E116E4399500777DB0 = {
			isa = PBXGroup;
			children = (
				55E2C3F316E4399500777DB0 /* SuperEagle */,
				55E2C3EC16E4399500777DB0 /* Frameworks */,
				55E2C3EB16E4399500777DB0 /* Products */,
			);
			sourceTree = "<group>";
		};
		55E2C3EB16E4399500777DB0 /* Products */ = {
			isa = PBXGroup;
			children = (
				55E2C3EA16E4399500777DB0 /* SuperEagle.app */,
			);
			name = Products;
			sourceTree = "<group>";
		};
		55E2C3EC16E4399500777DB0 /* Frameworks */ = {
			isa = PBXGroup;
			children = (
				5541CE0316EBE59D00B2180F /* AVFoundation.framework */,
				55E2C42316E457EE00777DB0 /* BLE_Framework */,
				55E2C42816E45E3100777DB0 /* CoreBluetooth.framework */,
				55E2C3ED16E4399500777DB0 /* UIKit.framework */,
				55E2C3EF16E4399500777DB0 /* Foundation.framework */,
				55E2C3F116E4399500777DB0 /* CoreGraphics.framework */,
			);
			name = Frameworks;
			sourceTree = "<group>";
		};
		55E2C3F316E4399500777DB0 /* SuperEagle */ = {
			isa = PBXGroup;
			children = (
				55E2C3F416E4399500777DB0 /* Supporting Files */,
				55E2C3FC16E4399500777DB0 /* ZENAppDelegate.h */,
				55E2C3FD16E4399500777DB0 /* ZENAppDelegate.m */,
				55E2C40816E4399500777DB0 /* first.png */,
				55E2C40A16E4399500777DB0 /* first@2x.png */,
				55E2C40F16E4399500777DB0 /* second.png */,
				55E2C41116E4399500777DB0 /* second@2x.png */,
				55E2C41E16E43A0E00777DB0 /* ZENSuperEagleDashboard.h */,
				55E2C41F16E43A0E00777DB0 /* ZENSuperEagleDashboard.m */,
				55E2C42016E43A0E00777DB0 /* ZENSuperEagleDashboard.xib */,
			);
			path = SuperEagle;
			sourceTree = "<group>";
		};
		55E2C3F416E4399500777DB0 /* Supporting Files */ = {
			isa = PBXGroup;
			children = (
				5541CE0116EBE14100B2180F /* sunmantheme.caf */,
				55E2C3F516E4399500777DB0 /* SuperEagle-Info.plist */,
				55E2C3F616E4399500777DB0 /* InfoPlist.strings */,
				55E2C3F916E4399500777DB0 /* main.m */,
				55E2C3FB16E4399500777DB0 /* SuperEagle-Prefix.pch */,
				55E2C3FF16E4399500777DB0 /* Default.png */,
				55E2C40116E4399500777DB0 /* Default@2x.png */,
				55E2C40316E4399500777DB0 /* Default-568h@2x.png */,
			);
			name = "Supporting Files";
			sourceTree = "<group>";
		};
		55E2C42316E457EE00777DB0 /* BLE_Framework */ = {
			isa = PBXGroup;
			children = (
				55E2C42416E457EE00777DB0 /* BLE.h */,
				55E2C42516E457EE00777DB0 /* BLE.m */,
				55E2C42616E457EE00777DB0 /* BLEDefines.h */,
			);
			path = BLE_Framework;
			sourceTree = "<group>";
		};
/* End PBXGroup section */

/* Begin PBXNativeTarget section */
		55E2C3E916E4399500777DB0 /* SuperEagle */ = {
			isa = PBXNativeTarget;
			buildConfigurationList = 55E2C41B16E4399500777DB0 /* Build configuration list for PBXNativeTarget "SuperEagle" */;
			buildPhases = (
				55E2C3E616E4399500777DB0 /* Sources */,
				55E2C3E716E4399500777DB0 /* Frameworks */,
				55E2C3E816E4399500777DB0 /* Resources */,
			);
			buildRules = (
			);
			dependencies = (
			);
			name = SuperEagle;
			productName = SuperEagle;
			productReference = 55E2C3EA16E4399500777DB0 /* SuperEagle.app */;
			productType = "com.apple.product-type.application";
		};
/* End PBXNativeTarget section */

/* Begin PBXProject section */
		55E2C3E216E4399500777DB0 /* Project object */ = {
			isa = PBXProject;
			attributes = {
				CLASSPREFIX = ZEN;
				LastUpgradeCheck = 0460;
				ORGANIZATIONNAME = "Zen Lab, LLC";
			};
			buildConfigurationList = 55E2C3E516E4399500777DB0 /* Build configuration list for PBXProject "SuperEagle" */;
			compatibilityVersion = "Xcode 3.2";
			developmentRegion = English;
			hasScannedForEncodings = 0;
			knownRegions = (
				en,
			);
			mainGroup = 55E2C3E116E4399500777DB0;
			productRefGroup = 55E2C3EB16E4399500777DB0 /* Products */;
			projectDirPath = "";
			projectRoot = "";
			targets = (
				55E2C3E916E4399500777DB0 /* SuperEagle */,
			);
		};
/* End PBXProject section */

/* Begin PBXResourcesBuildPhase section */
		55E2C3E816E4399500777DB0 /* Resources */ = {
			isa = PBXResourcesBuildPhase;
			buildActionMask = 2147483647;
			files = (
				55E2C3F816E4399500777DB0 /* InfoPlist.strings in Resources */,
				55E2C40016E4399500777DB0 /* Default.png in Resources */,
				55E2C40216E4399500777DB0 /* Default@2x.png in Resources */,
				55E2C40416E4399500777DB0 /* Default-568h@2x.png in Resources */,
				55E2C40916E4399500777DB0 /* first.png in Resources */,
				55E2C40B16E4399500777DB0 /* first@2x.png in Resources */,
				55E2C41016E4399500777DB0 /* second.png in Resources */,
				55E2C41216E4399500777DB0 /* second@2x.png in Resources */,
				55E2C42216E43A0E00777DB0 /* ZENSuperEagleDashboard.xib in Resources */,
				5541CE0216EBE14100B2180F /* sunmantheme.caf in Resources */,
			);
			runOnlyForDeploymentPostprocessing = 0;
		};
/* End PBXResourcesBuildPhase section */

/* Begin PBXSourcesBuildPhase section */
		55E2C3E616E4399500777DB0 /* Sources */ = {
			isa = PBXSourcesBuildPhase;
			buildActionMask = 2147483647;
			files = (
				55E2C3FA16E4399500777DB0 /* main.m in Sources */,
				55E2C3FE16E4399500777DB0 /* ZENAppDelegate.m in Sources */,
				55E2C42116E43A0E00777DB0 /* ZENSuperEagleDashboard.m in Sources */,
				55E2C42716E457EE00777DB0 /* BLE.m in Sources */,
			);
			runOnlyForDeploymentPostprocessing = 0;
		};
/* End PBXSourcesBuildPhase section */

/* Begin PBXVariantGroup section */
		55E2C3F616E4399500777DB0 /* InfoPlist.strings */ = {
			isa = PBXVariantGroup;
			children = (
				55E2C3F716E4399500777DB0 /* en */,
			);
			name = InfoPlist.strings;
			sourceTree = "<group>";
		};
/* End PBXVariantGroup section */

/* Begin XCBuildConfiguration section */
		55E2C41916E4399500777DB0 /* Debug */ = {
			isa = XCBuildConfiguration;
			buildSettings = {
				ALWAYS_SEARCH_USER_PATHS = NO;
				CLANG_CXX_LANGUAGE_STANDARD = "gnu++0x";
				CLANG_CXX_LIBRARY = "libc++";
				CLANG_ENABLE_OBJC_ARC = YES;
				CLANG_WARN_CONSTANT_CONVERSION = YES;
				CLANG_WARN_EMPTY_BODY = YES;
				CLANG_WARN_ENUM_CONVERSION = YES;
				CLANG_WARN_INT_CONVERSION = YES;
				CLANG_WARN__DUPLICATE_METHOD_MATCH = YES;
				"CODE_SIGN_IDENTITY[sdk=iphoneos*]" = "iPhone Developer";
				COPY_PHASE_STRIP = NO;
				GCC_C_LANGUAGE_STANDARD = gnu99;
				GCC_DYNAMIC_NO_PIC = NO;
				GCC_OPTIMIZATION_LEVEL = 0;
				GCC_PREPROCESSOR_DEFINITIONS = (
					"DEBUG=1",
					"$(inherited)",
				);
				GCC_SYMBOLS_PRIVATE_EXTERN = NO;
				GCC_WARN_ABOUT_RETURN_TYPE = YES;
				GCC_WARN_UNINITIALIZED_AUTOS = YES;
				GCC_WARN_UNUSED_VARIABLE = YES;
				IPHONEOS_DEPLOYMENT_TARGET = 6.1;
				ONLY_ACTIVE_ARCH = YES;
				SDKROOT = iphoneos;
			};
			name = Debug;
		};
		55E2C41A16E4399500777DB0 /* Release */ = {
			isa = XCBuildConfiguration;
			buildSettings = {
				ALWAYS_SEARCH_USER_PATHS = NO;
				CLANG_CXX_LANGUAGE_STANDARD = "gnu++0x";
				CLANG_CXX_LIBRARY = "libc++";
				CLANG_ENABLE_OBJC_ARC = YES;
				CLANG_WARN_CONSTANT_CONVERSION = YES;
				CLANG_WARN_EMPTY_BODY = YES;
				CLANG_WARN_ENUM_CONVERSION = YES;
				CLANG_WARN_INT_CONVERSION = YES;
				CLANG_WARN__DUPLICATE_METHOD_MATCH = YES;
				"CODE_SIGN_IDENTITY[sdk=iphoneos*]" = "iPhone Developer";
				COPY_PHASE_STRIP = YES;
				GCC_C_LANGUAGE_STANDARD = gnu99;
				GCC_WARN_ABOUT_RETURN_TYPE = YES;
				GCC_WARN_UNINITIALIZED_AUTOS = YES;
				GCC_WARN_UNUSED_VARIABLE = YES;
				IPHONEOS_DEPLOYMENT_TARGET = 6.1;
				OTHER_CFLAGS = "-DNS_BLOCK_ASSERTIONS=1";
				SDKROOT = iphoneos;
				VALIDATE_PRODUCT = YES;
			};
			name = Release;
		};
		55E2C41C16E4399500777DB0 /* Debug */ = {
			isa = XCBuildConfiguration;
			buildSettings = {
				GCC_PRECOMPILE_PREFIX_HEADER = YES;
				GCC_PREFIX_HEADER = "SuperEagle/SuperEagle-Prefix.pch";
				INFOPLIST_FILE = "SuperEagle/SuperEagle-Info.plist";
				PRODUCT_NAME = "$(TARGET_NAME)";
				WRAPPER_EXTENSION = app;
			};
			name = Debug;
		};
		55E2C41D16E4399500777DB0 /* Release */ = {
			isa = XCBuildConfiguration;
			buildSettings = {
				GCC_PRECOMPILE_PREFIX_HEADER = YES;
				GCC_PREFIX_HEADER = "SuperEagle/SuperEagle-Prefix.pch";
				INFOPLIST_FILE = "SuperEagle/SuperEagle-Info.plist";
				PRODUCT_NAME = "$(TARGET_NAME)";
				WRAPPER_EXTENSION = app;
			};
			name = Release;
		};
/* End XCBuildConfiguration section */

/* Begin XCConfigurationList section */
		55E2C3E516E4399500777DB0 /* Build configuration list for PBXProject "SuperEagle" */ = {
			isa = XCConfigurationList;
			buildConfigurations = (
				55E2C41916E4399500777DB0 /* Debug */,
				55E2C41A16E4399500777DB0 /* Release */,
			);
			defaultConfigurationIsVisible = 0;
			defaultConfigurationName = Release;
		};
		55E2C41B16E4399500777DB0 /* Build configuration list for PBXNativeTarget "SuperEagle" */ = {
			isa = XCConfigurationList;
			buildConfigurations = (
				55E2C41C16E4399500777DB0 /* Debug */,
				55E2C41D16E4399500777DB0 /* Release */,
			);
			defaultConfigurationIsVisible = 0;
			defaultConfigurationName = Release;
		};
/* End XCConfigurationList section */
	};
	rootObject = 55E2C3E216E4399500777DB0 /* Project object */;
}
